
Microsoft Visual Studio Solution File, Format Version 12.00
# Visual Studio Version 17
VisualStudioVersion = 17.7.34024.191
MinimumVisualStudioVersion = 10.0.40219.1
Project("{2150E333-8FDC-42A3-9474-1A3956D46DE8}") = "Task0", "Task0", "{A1002C56-C290-4662-8140-F4E11546B645}"
EndProject
Project("{FAE04EC0-301F-11D3-BF4B-00C04F79EFBC}") = "Tyuiu.EmelianovaKP.Sprint2.Task0.V17.Lib", "Tyuiu.EmelianovaKP.Sprint2.Task0.V17.Lib\Tyuiu.EmelianovaKP.Sprint2.Task0.V17.Lib.csproj", "{0FF13131-4961-4939-8652-0BDF0A359C4D}"
EndProject
Project("{FAE04EC0-301F-11D3-BF4B-00C04F79EFBC}") = "Tyuiu.EmelianovaKP.Sprint2.Task0.V17.Test", "Tyuiu.EmelianovaKP.Sprint2.Task0.V17.Test\Tyuiu.EmelianovaKP.Sprint2.Task0.V17.Test.csproj", "{59F5C5A1-2CEA-4468-A13A-EED9A1E37C25}"
EndProject
Project("{FAE04EC0-301F-11D3-BF4B-00C04F79EFBC}") = "Tyuiu.EmelianovaKP.Sprint2.Task0.V17", "Tyuiu.EmelianovaKP.Sprint2.Task0.V17\Tyuiu.EmelianovaKP.Sprint2.Task0.V17.csproj", "{8133CA06-7FE8-4028-A130-04AFCD7D3D4D}"
EndProject
Project("{2150E333-8FDC-42A3-9474-1A3956D46DE8}") = "Task1", "Task1", "{80D2FF47-6999-4EA3-8F51-316E74D26ECE}"
EndProject
Project("{FAE04EC0-301F-11D3-BF4B-00C04F79EFBC}") = "Tyuiu.EmelianovaKP.Sprint2.Task1.V16.Lib", "Tyuiu.EmelianovaKP.Sprint2.Task1.V16.Lib\Tyuiu.EmelianovaKP.Sprint2.Task1.V16.Lib.csproj", "{D2623085-8A72-41CD-8658-9D411C8867FC}"
EndProject
Project("{FAE04EC0-301F-11D3-BF4B-00C04F79EFBC}") = "Tyuiu.EmelianovaKP.Sprint2.Task1.V16.Test", "Tyuiu.EmelianovaKP.Sprint2.Task1.V16.Test\Tyuiu.EmelianovaKP.Sprint2.Task1.V16.Test.csproj", "{192F73CA-7F3D-46D8-AB14-C74B71FC5D80}"
EndProject
Project("{FAE04EC0-301F-11D3-BF4B-00C04F79EFBC}") = "Tyuiu.EmelianovaKP.Sprint2.Task1.V16", "Tyuiu.EmelianovaKP.Sprint2.Task1.V16\Tyuiu.EmelianovaKP.Sprint2.Task1.V16.csproj", "{AAA49A79-6C46-4FBA-8A98-156C5FA11E0F}"
EndProject
Project("{2150E333-8FDC-42A3-9474-1A3956D46DE8}") = "Task2", "Task2", "{5D7DD1F2-528D-463A-9E31-F58E509FFA46}"
EndProject
Project("{FAE04EC0-301F-11D3-BF4B-00C04F79EFBC}") = "Tyuiu.EmelianovaKP.Sprint2.Task2.V3.Lib", "Tyuiu.EmelianovaKP.Sprint2.Task2.V3.Lib\Tyuiu.EmelianovaKP.Sprint2.Task2.V3.Lib.csproj", "{12D52962-0EE8-4472-9B99-C62D2DD93C4C}"
EndProject
Project("{FAE04EC0-301F-11D3-BF4B-00C04F79EFBC}") = "Tyuiu.EmelianovaKP.Sprint2.Task2.V3.Test", "Tyuiu.EmelianovaKP.Sprint2.Task2.V3.Test\Tyuiu.EmelianovaKP.Sprint2.Task2.V3.Test.csproj", "{C42C5119-EED5-47C1-9110-0366DCA6F2B7}"
EndProject
Project("{FAE04EC0-301F-11D3-BF4B-00C04F79EFBC}") = "Tyuiu.EmelianovaKP.Sprint2.Task2.V3", "Tyuiu.EmelianovaKP.Sprint2.Task2.V3\Tyuiu.EmelianovaKP.Sprint2.Task2.V3.csproj", "{89FBE3CC-54DF-41F3-870C-FDA8508D61F6}"
EndProject
Project("{2150E333-8FDC-42A3-9474-1A3956D46DE8}") = "Task3", "Task3", "{C7B48335-4613-4783-BFC6-7FAF315F7A76}"
EndProject
Project("{FAE04EC0-301F-11D3-BF4B-00C04F79EFBC}") = "Tyuiu.EmelianovaKP.Sprint2.Task3.V4.Lib", "Tyuiu.EmelianovaKP.Sprint2.Task3.V4.Lib\Tyuiu.EmelianovaKP.Sprint2.Task3.V4.Lib.csproj", "{30B63106-9B82-45C9-8277-738B7E20C09A}"
EndProject
Project("{FAE04EC0-301F-11D3-BF4B-00C04F79EFBC}") = "Tyuiu.EmelianovaKP.Sprint2.Task3.V4.Test", "Tyuiu.EmelianovaKP.Sprint2.Task3.V4.Test\Tyuiu.EmelianovaKP.Sprint2.Task3.V4.Test.csproj", "{B07621BD-9714-4053-9858-A3530703D0E5}"
EndProject
Project("{FAE04EC0-301F-11D3-BF4B-00C04F79EFBC}") = "Tyuiu.EmelianovaKP.Sprint2.Task3.V4", "Tyuiu.EmelianovaKP.Sprint2.Task3.V4\Tyuiu.EmelianovaKP.Sprint2.Task3.V4.csproj", "{5C98FDEA-87BE-4A75-A8FB-3EEB1BAE20C3}"
EndProject
Project("{2150E333-8FDC-42A3-9474-1A3956D46DE8}") = "Task4", "Task4", "{4EE63FC2-30DD-4E14-A02A-59D5374F88FB}"
EndProject
Project("{FAE04EC0-301F-11D3-BF4B-00C04F79EFBC}") = "Tyuiu.EmelianovaKP.Sprint2.Task4.V24.Lib", "Tyuiu.EmelianovaKP.Sprint2.Task4.V24.Lib\Tyuiu.EmelianovaKP.Sprint2.Task4.V24.Lib.csproj", "{86494398-8DEE-4EB1-A72B-95AD4E7FC5A4}"
EndProject
Project("{FAE04EC0-301F-11D3-BF4B-00C04F79EFBC}") = "Tyuiu.EmelianovaKP.Sprint2.Task4.V24.Test", "Tyuiu.EmelianovaKP.Sprint2.Task4.V24.Test\Tyuiu.EmelianovaKP.Sprint2.Task4.V24.Test.csproj", "{F757CBDC-7E17-42F9-A9C0-27C77B2B9C47}"
EndProject
Project("{FAE04EC0-301F-11D3-BF4B-00C04F79EFBC}") = "Tyuiu.EmelianovaKP.Sprint2.Task4.V24", "Tyuiu.EmelianovaKP.Sprint2.Task4.V24\Tyuiu.EmelianovaKP.Sprint2.Task4.V24.csproj", "{56B3A7A4-ACCA-4D7D-A509-9745684AB1FD}"
EndProject
Project("{2150E333-8FDC-42A3-9474-1A3956D46DE8}") = "Task5", "Task5", "{5AF88381-5C9F-42B0-BA4E-1F75AA64B940}"
EndProject
Project("{FAE04EC0-301F-11D3-BF4B-00C04F79EFBC}") = "Tyuiu.EmelianovaKP.Sprint2.Task5.V12.Lib", "Tyuiu.EmelianovaKP.Sprint2.Task5.V12.Lib\Tyuiu.EmelianovaKP.Sprint2.Task5.V12.Lib.csproj", "{FAC2FD2E-FE2F-4E07-96DD-9B88FDA7BA3A}"
EndProject
Project("{FAE04EC0-301F-11D3-BF4B-00C04F79EFBC}") = "Tyuiu.EmelianovaKP.Sprint2.Task5.V12.Test", "Tyuiu.EmelianovaKP.Sprint2.Task5.V12.Test\Tyuiu.EmelianovaKP.Sprint2.Task5.V12.Test.csproj", "{FC962E8A-BF5B-43A6-B3B4-052BB4D5D7F9}"
EndProject
Project("{FAE04EC0-301F-11D3-BF4B-00C04F79EFBC}") = "Tyuiu.EmelianovaKP.Sprint2.Task5.V12", "Tyuiu.EmelianovaKP.Sprint2.Task5.V12\Tyuiu.EmelianovaKP.Sprint2.Task5.V12.csproj", "{524E8D23-2743-4030-8C7B-464ABA07E2FA}"
EndProject
Project("{2150E333-8FDC-42A3-9474-1A3956D46DE8}") = "Task6", "Task6", "{A06C5B7B-ECC9-4E41-A779-72DFC0F352CA}"
EndProject
Project("{FAE04EC0-301F-11D3-BF4B-00C04F79EFBC}") = "Tyuiu.EmelianovaKP.Sprint2.Task6.V14.Lib", "Tyuiu.EmelianovaKP.Sprint2.Task6.V14.Lib\Tyuiu.EmelianovaKP.Sprint2.Task6.V14.Lib.csproj", "{A4276370-6215-409A-B31A-16F05FC45C86}"
EndProject
Project("{FAE04EC0-301F-11D3-BF4B-00C04F79EFBC}") = "Tyuiu.EmelianovaKP.Sprint2.Task6.V14.Test", "Tyuiu.EmelianovaKP.Sprint2.Task6.V14.Test\Tyuiu.EmelianovaKP.Sprint2.Task6.V14.Test.csproj", "{D8EC3560-6F8C-4D3A-90CF-72D4074A238E}"
EndProject
Project("{FAE04EC0-301F-11D3-BF4B-00C04F79EFBC}") = "Tyuiu.EmelianovaKP.Sprint2.Task6.V14", "Tyuiu.EmelianovaKP.Sprint2.Task6.V14\Tyuiu.EmelianovaKP.Sprint2.Task6.V14.csproj", "{BFDED815-1FFF-40D8-ADD4-5F9AA8FC6F1B}"
EndProject
Global
	GlobalSection(SolutionConfigurationPlatforms) = preSolution
		Debug|Any CPU = Debug|Any CPU
		Release|Any CPU = Release|Any CPU
	EndGlobalSection
	GlobalSection(ProjectConfigurationPlatforms) = postSolution
		{0FF13131-4961-4939-8652-0BDF0A359C4D}.Debug|Any CPU.ActiveCfg = Debug|Any CPU
		{0FF13131-4961-4939-8652-0BDF0A359C4D}.Debug|Any CPU.Build.0 = Debug|Any CPU
		{0FF13131-4961-4939-8652-0BDF0A359C4D}.Release|Any CPU.ActiveCfg = Release|Any CPU
		{0FF13131-4961-4939-8652-0BDF0A359C4D}.Release|Any CPU.Build.0 = Release|Any CPU
		{59F5C5A1-2CEA-4468-A13A-EED9A1E37C25}.Debug|Any CPU.ActiveCfg = Debug|Any CPU
		{59F5C5A1-2CEA-4468-A13A-EED9A1E37C25}.Debug|Any CPU.Build.0 = Debug|Any CPU
		{59F5C5A1-2CEA-4468-A13A-EED9A1E37C25}.Release|Any CPU.ActiveCfg = Release|Any CPU
		{59F5C5A1-2CEA-4468-A13A-EED9A1E37C25}.Release|Any CPU.Build.0 = Release|Any CPU
		{8133CA06-7FE8-4028-A130-04AFCD7D3D4D}.Debug|Any CPU.ActiveCfg = Debug|Any CPU
		{8133CA06-7FE8-4028-A130-04AFCD7D3D4D}.Debug|Any CPU.Build.0 = Debug|Any CPU
		{8133CA06-7FE8-4028-A130-04AFCD7D3D4D}.Release|Any CPU.ActiveCfg = Release|Any CPU
		{8133CA06-7FE8-4028-A130-04AFCD7D3D4D}.Release|Any CPU.Build.0 = Release|Any CPU
		{D2623085-8A72-41CD-8658-9D411C8867FC}.Debug|Any CPU.ActiveCfg = Debug|Any CPU
		{D2623085-8A72-41CD-8658-9D411C8867FC}.Debug|Any CPU.Build.0 = Debug|Any CPU
		{D2623085-8A72-41CD-8658-9D411C8867FC}.Release|Any CPU.ActiveCfg = Release|Any CPU
		{D2623085-8A72-41CD-8658-9D411C8867FC}.Release|Any CPU.Build.0 = Release|Any CPU
		{192F73CA-7F3D-46D8-AB14-C74B71FC5D80}.Debug|Any CPU.ActiveCfg = Debug|Any CPU
		{192F73CA-7F3D-46D8-AB14-C74B71FC5D80}.Debug|Any CPU.Build.0 = Debug|Any CPU
		{192F73CA-7F3D-46D8-AB14-C74B71FC5D80}.Release|Any CPU.ActiveCfg = Release|Any CPU
		{192F73CA-7F3D-46D8-AB14-C74B71FC5D80}.Release|Any CPU.Build.0 = Release|Any CPU
		{AAA49A79-6C46-4FBA-8A98-156C5FA11E0F}.Debug|Any CPU.ActiveCfg = Debug|Any CPU
		{AAA49A79-6C46-4FBA-8A98-156C5FA11E0F}.Debug|Any CPU.Build.0 = Debug|Any CPU
		{AAA49A79-6C46-4FBA-8A98-156C5FA11E0F}.Release|Any CPU.ActiveCfg = Release|Any CPU
		{AAA49A79-6C46-4FBA-8A98-156C5FA11E0F}.Release|Any CPU.Build.0 = Release|Any CPU
		{12D52962-0EE8-4472-9B99-C62D2DD93C4C}.Debug|Any CPU.ActiveCfg = Debug|Any CPU
		{12D52962-0EE8-4472-9B99-C62D2DD93C4C}.Debug|Any CPU.Build.0 = Debug|Any CPU
		{12D52962-0EE8-4472-9B99-C62D2DD93C4C}.Release|Any CPU.ActiveCfg = Release|Any CPU
		{12D52962-0EE8-4472-9B99-C62D2DD93C4C}.Release|Any CPU.Build.0 = Release|Any CPU
		{C42C5119-EED5-47C1-9110-0366DCA6F2B7}.Debug|Any CPU.ActiveCfg = Debug|Any CPU
		{C42C5119-EED5-47C1-9110-0366DCA6F2B7}.Debug|Any CPU.Build.0 = Debug|Any CPU
		{C42C5119-EED5-47C1-9110-0366DCA6F2B7}.Release|Any CPU.ActiveCfg = Release|Any CPU
		{C42C5119-EED5-47C1-9110-0366DCA6F2B7}.Release|Any CPU.Build.0 = Release|Any CPU
		{89FBE3CC-54DF-41F3-870C-FDA8508D61F6}.Debug|Any CPU.ActiveCfg = Debug|Any CPU
		{89FBE3CC-54DF-41F3-870C-FDA8508D61F6}.Debug|Any CPU.Build.0 = Debug|Any CPU
		{89FBE3CC-54DF-41F3-870C-FDA8508D61F6}.Release|Any CPU.ActiveCfg = Release|Any CPU
		{89FBE3CC-54DF-41F3-870C-FDA8508D61F6}.Release|Any CPU.Build.0 = Release|Any CPU
		{30B63106-9B82-45C9-8277-738B7E20C09A}.Debug|Any CPU.ActiveCfg = Debug|Any CPU
		{30B63106-9B82-45C9-8277-738B7E20C09A}.Debug|Any CPU.Build.0 = Debug|Any CPU
		{30B63106-9B82-45C9-8277-738B7E20C09A}.Release|Any CPU.ActiveCfg = Release|Any CPU
		{30B63106-9B82-45C9-8277-738B7E20C09A}.Release|Any CPU.Build.0 = Release|Any CPU
		{B07621BD-9714-4053-9858-A3530703D0E5}.Debug|Any CPU.ActiveCfg = Debug|Any CPU
		{B07621BD-9714-4053-9858-A3530703D0E5}.Debug|Any CPU.Build.0 = Debug|Any CPU
		{B07621BD-9714-4053-9858-A3530703D0E5}.Release|Any CPU.ActiveCfg = Release|Any CPU
		{B07621BD-9714-4053-9858-A3530703D0E5}.Release|Any CPU.Build.0 = Release|Any CPU
		{5C98FDEA-87BE-4A75-A8FB-3EEB1BAE20C3}.Debug|Any CPU.ActiveCfg = Debug|Any CPU
		{5C98FDEA-87BE-4A75-A8FB-3EEB1BAE20C3}.Debug|Any CPU.Build.0 = Debug|Any CPU
		{5C98FDEA-87BE-4A75-A8FB-3EEB1BAE20C3}.Release|Any CPU.ActiveCfg = Release|Any CPU
		{5C98FDEA-87BE-4A75-A8FB-3EEB1BAE20C3}.Release|Any CPU.Build.0 = Release|Any CPU
		{86494398-8DEE-4EB1-A72B-95AD4E7FC5A4}.Debug|Any CPU.ActiveCfg = Debug|Any CPU
		{86494398-8DEE-4EB1-A72B-95AD4E7FC5A4}.Debug|Any CPU.Build.0 = Debug|Any CPU
		{86494398-8DEE-4EB1-A72B-95AD4E7FC5A4}.Release|Any CPU.ActiveCfg = Release|Any CPU
		{86494398-8DEE-4EB1-A72B-95AD4E7FC5A4}.Release|Any CPU.Build.0 = Release|Any CPU
		{F757CBDC-7E17-42F9-A9C0-27C77B2B9C47}.Debug|Any CPU.ActiveCfg = Debug|Any CPU
		{F757CBDC-7E17-42F9-A9C0-27C77B2B9C47}.Debug|Any CPU.Build.0 = Debug|Any CPU
		{F757CBDC-7E17-42F9-A9C0-27C77B2B9C47}.Release|Any CPU.ActiveCfg = Release|Any CPU
		{F757CBDC-7E17-42F9-A9C0-27C77B2B9C47}.Release|Any CPU.Build.0 = Release|Any CPU
		{56B3A7A4-ACCA-4D7D-A509-9745684AB1FD}.Debug|Any CPU.ActiveCfg = Debug|Any CPU
		{56B3A7A4-ACCA-4D7D-A509-9745684AB1FD}.Debug|Any CPU.Build.0 = Debug|Any CPU
		{56B3A7A4-ACCA-4D7D-A509-9745684AB1FD}.Release|Any CPU.ActiveCfg = Release|Any CPU
		{56B3A7A4-ACCA-4D7D-A509-9745684AB1FD}.Release|Any CPU.Build.0 = Release|Any CPU
		{FAC2FD2E-FE2F-4E07-96DD-9B88FDA7BA3A}.Debug|Any CPU.ActiveCfg = Debug|Any CPU
		{FAC2FD2E-FE2F-4E07-96DD-9B88FDA7BA3A}.Debug|Any CPU.Build.0 = Debug|Any CPU
		{FAC2FD2E-FE2F-4E07-96DD-9B88FDA7BA3A}.Release|Any CPU.ActiveCfg = Release|Any CPU
		{FAC2FD2E-FE2F-4E07-96DD-9B88FDA7BA3A}.Release|Any CPU.Build.0 = Release|Any CPU
		{FC962E8A-BF5B-43A6-B3B4-052BB4D5D7F9}.Debug|Any CPU.ActiveCfg = Debug|Any CPU
		{FC962E8A-BF5B-43A6-B3B4-052BB4D5D7F9}.Debug|Any CPU.Build.0 = Debug|Any CPU
		{FC962E8A-BF5B-43A6-B3B4-052BB4D5D7F9}.Release|Any CPU.ActiveCfg = Release|Any CPU
		{FC962E8A-BF5B-43A6-B3B4-052BB4D5D7F9}.Release|Any CPU.Build.0 = Release|Any CPU
		{524E8D23-2743-4030-8C7B-464ABA07E2FA}.Debug|Any CPU.ActiveCfg = Debug|Any CPU
		{524E8D23-2743-4030-8C7B-464ABA07E2FA}.Debug|Any CPU.Build.0 = Debug|Any CPU
		{524E8D23-2743-4030-8C7B-464ABA07E2FA}.Release|Any CPU.ActiveCfg = Release|Any CPU
		{524E8D23-2743-4030-8C7B-464ABA07E2FA}.Release|Any CPU.Build.0 = Release|Any CPU
		{A4276370-6215-409A-B31A-16F05FC45C86}.Debug|Any CPU.ActiveCfg = Debug|Any CPU
		{A4276370-6215-409A-B31A-16F05FC45C86}.Debug|Any CPU.Build.0 = Debug|Any CPU
		{A4276370-6215-409A-B31A-16F05FC45C86}.Release|Any CPU.ActiveCfg = Release|Any CPU
		{A4276370-6215-409A-B31A-16F05FC45C86}.Release|Any CPU.Build.0 = Release|Any CPU
		{D8EC3560-6F8C-4D3A-90CF-72D4074A238E}.Debug|Any CPU.ActiveCfg = Debug|Any CPU
		{D8EC3560-6F8C-4D3A-90CF-72D4074A238E}.Debug|Any CPU.Build.0 = Debug|Any CPU
		{D8EC3560-6F8C-4D3A-90CF-72D4074A238E}.Release|Any CPU.ActiveCfg = Release|Any CPU
		{D8EC3560-6F8C-4D3A-90CF-72D4074A238E}.Release|Any CPU.Build.0 = Release|Any CPU
		{BFDED815-1FFF-40D8-ADD4-5F9AA8FC6F1B}.Debug|Any CPU.ActiveCfg = Debug|Any CPU
		{BFDED815-1FFF-40D8-ADD4-5F9AA8FC6F1B}.Debug|Any CPU.Build.0 = Debug|Any CPU
		{BFDED815-1FFF-40D8-ADD4-5F9AA8FC6F1B}.Release|Any CPU.ActiveCfg = Release|Any CPU
		{BFDED815-1FFF-40D8-ADD4-5F9AA8FC6F1B}.Release|Any CPU.Build.0 = Release|Any CPU
	EndGlobalSection
	GlobalSection(SolutionProperties) = preSolution
		HideSolutionNode = FALSE
	EndGlobalSection
	GlobalSection(NestedProjects) = preSolution
		{0FF13131-4961-4939-8652-0BDF0A359C4D} = {A1002C56-C290-4662-8140-F4E11546B645}
		{59F5C5A1-2CEA-4468-A13A-EED9A1E37C25} = {A1002C56-C290-4662-8140-F4E11546B645}
		{8133CA06-7FE8-4028-A130-04AFCD7D3D4D} = {A1002C56-C290-4662-8140-F4E11546B645}
		{D2623085-8A72-41CD-8658-9D411C8867FC} = {80D2FF47-6999-4EA3-8F51-316E74D26ECE}
		{192F73CA-7F3D-46D8-AB14-C74B71FC5D80} = {80D2FF47-6999-4EA3-8F51-316E74D26ECE}
		{AAA49A79-6C46-4FBA-8A98-156C5FA11E0F} = {80D2FF47-6999-4EA3-8F51-316E74D26ECE}
		{12D52962-0EE8-4472-9B99-C62D2DD93C4C} = {5D7DD1F2-528D-463A-9E31-F58E509FFA46}
		{C42C5119-EED5-47C1-9110-0366DCA6F2B7} = {5D7DD1F2-528D-463A-9E31-F58E509FFA46}
		{89FBE3CC-54DF-41F3-870C-FDA8508D61F6} = {5D7DD1F2-528D-463A-9E31-F58E509FFA46}
		{30B63106-9B82-45C9-8277-738B7E20C09A} = {C7B48335-4613-4783-BFC6-7FAF315F7A76}
		{B07621BD-9714-4053-9858-A3530703D0E5} = {C7B48335-4613-4783-BFC6-7FAF315F7A76}
		{5C98FDEA-87BE-4A75-A8FB-3EEB1BAE20C3} = {C7B48335-4613-4783-BFC6-7FAF315F7A76}
		{86494398-8DEE-4EB1-A72B-95AD4E7FC5A4} = {4EE63FC2-30DD-4E14-A02A-59D5374F88FB}
		{F757CBDC-7E17-42F9-A9C0-27C77B2B9C47} = {4EE63FC2-30DD-4E14-A02A-59D5374F88FB}
		{56B3A7A4-ACCA-4D7D-A509-9745684AB1FD} = {4EE63FC2-30DD-4E14-A02A-59D5374F88FB}
		{FAC2FD2E-FE2F-4E07-96DD-9B88FDA7BA3A} = {5AF88381-5C9F-42B0-BA4E-1F75AA64B940}
		{FC962E8A-BF5B-43A6-B3B4-052BB4D5D7F9} = {5AF88381-5C9F-42B0-BA4E-1F75AA64B940}
		{524E8D23-2743-4030-8C7B-464ABA07E2FA} = {5AF88381-5C9F-42B0-BA4E-1F75AA64B940}
		{A4276370-6215-409A-B31A-16F05FC45C86} = {A06C5B7B-ECC9-4E41-A779-72DFC0F352CA}
		{D8EC3560-6F8C-4D3A-90CF-72D4074A238E} = {A06C5B7B-ECC9-4E41-A779-72DFC0F352CA}
		{BFDED815-1FFF-40D8-ADD4-5F9AA8FC6F1B} = {A06C5B7B-ECC9-4E41-A779-72DFC0F352CA}
	EndGlobalSection
	GlobalSection(ExtensibilityGlobals) = postSolution
		SolutionGuid = {84046CAD-56F6-4F78-BBA0-D9FF304A7D3F}
	EndGlobalSection
EndGlobal
