
Microsoft Visual Studio Solution File, Format Version 12.00
# Visual Studio Version 17
VisualStudioVersion = 17.7.34024.191
MinimumVisualStudioVersion = 10.0.40219.1
Project("{2150E333-8FDC-42A3-9474-1A3956D46DE8}") = "Task0", "Task0", "{A1002C56-C290-4662-8140-F4E11546B645}"
EndProject
Project("{FAE04EC0-301F-11D3-BF4B-00C04F79EFBC}") = "Tyuiu.EmelianovaKP.Sprint2.Task0.V17.Lib", "Tyuiu.EmelianovaKP.Sprint2.Task0.V17.Lib\Tyuiu.EmelianovaKP.Sprint2.Task0.V17.Lib.csproj", "{0FF13131-4961-4939-8652-0BDF0A359C4D}"
EndProject
Project("{FAE04EC0-301F-11D3-BF4B-00C04F79EFBC}") = "Tyuiu.EmelianovaKP.Sprint2.Task0.V17.Test", "Tyuiu.EmelianovaKP.Sprint2.Task0.V17.Test\Tyuiu.EmelianovaKP.Sprint2.Task0.V17.Test.csproj", "{59F5C5A1-2CEA-4468-A13A-EED9A1E37C25}"
EndProject
Project("{FAE04EC0-301F-11D3-BF4B-00C04F79EFBC}") = "Tyuiu.EmelianovaKP.Sprint2.Task0.V17", "Tyuiu.EmelianovaKP.Sprint2.Task0.V17\Tyuiu.EmelianovaKP.Sprint2.Task0.V17.csproj", "{8133CA06-7FE8-4028-A130-04AFCD7D3D4D}"
EndProject
Project("{2150E333-8FDC-42A3-9474-1A3956D46DE8}") = "Task1", "Task1", "{80D2FF47-6999-4EA3-8F51-316E74D26ECE}"
EndProject
Project("{FAE04EC0-301F-11D3-BF4B-00C04F79EFBC}") = "Tyuiu.EmelianovaKP.Sprint2.Task1.V16.Lib", "Tyuiu.EmelianovaKP.Sprint2.Task1.V16.Lib\Tyuiu.EmelianovaKP.Sprint2.Task1.V16.Lib.csproj", "{D2623085-8A72-41CD-8658-9D411C8867FC}"
EndProject
Project("{FAE04EC0-301F-11D3-BF4B-00C04F79EFBC}") = "Tyuiu.EmelianovaKP.Sprint2.Task1.V16.Test", "Tyuiu.EmelianovaKP.Sprint2.Task1.V16.Test\Tyuiu.EmelianovaKP.Sprint2.Task1.V16.Test.csproj", "{192F73CA-7F3D-46D8-AB14-C74B71FC5D80}"
EndProject
Project("{FAE04EC0-301F-11D3-BF4B-00C04F79EFBC}") = "Tyuiu.EmelianovaKP.Sprint2.Task1.V16", "Tyuiu.EmelianovaKP.Sprint2.Task1.V16\Tyuiu.EmelianovaKP.Sprint2.Task1.V16.csproj", "{AAA49A79-6C46-4FBA-8A98-156C5FA11E0F}"
EndProject
Project("{2150E333-8FDC-42A3-9474-1A3956D46DE8}") = "Task2", "Task2", "{5D7DD1F2-528D-463A-9E31-F58E509FFA46}"
EndProject
Project("{FAE04EC0-301F-11D3-BF4B-00C04F79EFBC}") = "Tyuiu.EmelianovaKP.Sprint2.Task2.V3.Lib", "Tyuiu.EmelianovaKP.Sprint2.Task2.V3.Lib\Tyuiu.EmelianovaKP.Sprint2.Task2.V3.Lib.csproj", "{12D52962-0EE8-4472-9B99-C62D2DD93C4C}"
EndProject
Project("{FAE04EC0-301F-11D3-BF4B-00C04F79EFBC}") = "Tyuiu.EmelianovaKP.Sprint2.Task2.V3.Test", "Tyuiu.EmelianovaKP.Sprint2.Task2.V3.Test\Tyuiu.EmelianovaKP.Sprint2.Task2.V3.Test.csproj", "{C42C5119-EED5-47C1-9110-0366DCA6F2B7}"
EndProject
Project("{FAE04EC0-301F-11D3-BF4B-00C04F79EFBC}") = "Tyuiu.EmelianovaKP.Sprint2.Task2.V3", "Tyuiu.EmelianovaKP.Sprint2.Task2.V3\Tyuiu.EmelianovaKP.Sprint2.Task2.V3.csproj", "{89FBE3CC-54DF-41F3-870C-FDA8508D61F6}"
EndProject
Global
	GlobalSection(SolutionConfigurationPlatforms) = preSolution
		Debug|Any CPU = Debug|Any CPU
		Release|Any CPU = Release|Any CPU
	EndGlobalSection
	GlobalSection(ProjectConfigurationPlatforms) = postSolution
		{0FF13131-4961-4939-8652-0BDF0A359C4D}.Debug|Any CPU.ActiveCfg = Debug|Any CPU
		{0FF13131-4961-4939-8652-0BDF0A359C4D}.Debug|Any CPU.Build.0 = Debug|Any CPU
		{0FF13131-4961-4939-8652-0BDF0A359C4D}.Release|Any CPU.ActiveCfg = Release|Any CPU
		{0FF13131-4961-4939-8652-0BDF0A359C4D}.Release|Any CPU.Build.0 = Release|Any CPU
		{59F5C5A1-2CEA-4468-A13A-EED9A1E37C25}.Debug|Any CPU.ActiveCfg = Debug|Any CPU
		{59F5C5A1-2CEA-4468-A13A-EED9A1E37C25}.Debug|Any CPU.Build.0 = Debug|Any CPU
		{59F5C5A1-2CEA-4468-A13A-EED9A1E37C25}.Release|Any CPU.ActiveCfg = Release|Any CPU
		{59F5C5A1-2CEA-4468-A13A-EED9A1E37C25}.Release|Any CPU.Build.0 = Release|Any CPU
		{8133CA06-7FE8-4028-A130-04AFCD7D3D4D}.Debug|Any CPU.ActiveCfg = Debug|Any CPU
		{8133CA06-7FE8-4028-A130-04AFCD7D3D4D}.Debug|Any CPU.Build.0 = Debug|Any CPU
		{8133CA06-7FE8-4028-A130-04AFCD7D3D4D}.Release|Any CPU.ActiveCfg = Release|Any CPU
		{8133CA06-7FE8-4028-A130-04AFCD7D3D4D}.Release|Any CPU.Build.0 = Release|Any CPU
		{D2623085-8A72-41CD-8658-9D411C8867FC}.Debug|Any CPU.ActiveCfg = Debug|Any CPU
		{D2623085-8A72-41CD-8658-9D411C8867FC}.Debug|Any CPU.Build.0 = Debug|Any CPU
		{D2623085-8A72-41CD-8658-9D411C8867FC}.Release|Any CPU.ActiveCfg = Release|Any CPU
		{D2623085-8A72-41CD-8658-9D411C8867FC}.Release|Any CPU.Build.0 = Release|Any CPU
		{192F73CA-7F3D-46D8-AB14-C74B71FC5D80}.Debug|Any CPU.ActiveCfg = Debug|Any CPU
		{192F73CA-7F3D-46D8-AB14-C74B71FC5D80}.Debug|Any CPU.Build.0 = Debug|Any CPU
		{192F73CA-7F3D-46D8-AB14-C74B71FC5D80}.Release|Any CPU.ActiveCfg = Release|Any CPU
		{192F73CA-7F3D-46D8-AB14-C74B71FC5D80}.Release|Any CPU.Build.0 = Release|Any CPU
		{AAA49A79-6C46-4FBA-8A98-156C5FA11E0F}.Debug|Any CPU.ActiveCfg = Debug|Any CPU
		{AAA49A79-6C46-4FBA-8A98-156C5FA11E0F}.Debug|Any CPU.Build.0 = Debug|Any CPU
		{AAA49A79-6C46-4FBA-8A98-156C5FA11E0F}.Release|Any CPU.ActiveCfg = Release|Any CPU
		{AAA49A79-6C46-4FBA-8A98-156C5FA11E0F}.Release|Any CPU.Build.0 = Release|Any CPU
		{12D52962-0EE8-4472-9B99-C62D2DD93C4C}.Debug|Any CPU.ActiveCfg = Debug|Any CPU
		{12D52962-0EE8-4472-9B99-C62D2DD93C4C}.Debug|Any CPU.Build.0 = Debug|Any CPU
		{12D52962-0EE8-4472-9B99-C62D2DD93C4C}.Release|Any CPU.ActiveCfg = Release|Any CPU
		{12D52962-0EE8-4472-9B99-C62D2DD93C4C}.Release|Any CPU.Build.0 = Release|Any CPU
		{C42C5119-EED5-47C1-9110-0366DCA6F2B7}.Debug|Any CPU.ActiveCfg = Debug|Any CPU
		{C42C5119-EED5-47C1-9110-0366DCA6F2B7}.Debug|Any CPU.Build.0 = Debug|Any CPU
		{C42C5119-EED5-47C1-9110-0366DCA6F2B7}.Release|Any CPU.ActiveCfg = Release|Any CPU
		{C42C5119-EED5-47C1-9110-0366DCA6F2B7}.Release|Any CPU.Build.0 = Release|Any CPU
		{89FBE3CC-54DF-41F3-870C-FDA8508D61F6}.Debug|Any CPU.ActiveCfg = Debug|Any CPU
		{89FBE3CC-54DF-41F3-870C-FDA8508D61F6}.Debug|Any CPU.Build.0 = Debug|Any CPU
		{89FBE3CC-54DF-41F3-870C-FDA8508D61F6}.Release|Any CPU.ActiveCfg = Release|Any CPU
		{89FBE3CC-54DF-41F3-870C-FDA8508D61F6}.Release|Any CPU.Build.0 = Release|Any CPU
	EndGlobalSection
	GlobalSection(SolutionProperties) = preSolution
		HideSolutionNode = FALSE
	EndGlobalSection
	GlobalSection(NestedProjects) = preSolution
		{0FF13131-4961-4939-8652-0BDF0A359C4D} = {A1002C56-C290-4662-8140-F4E11546B645}
		{59F5C5A1-2CEA-4468-A13A-EED9A1E37C25} = {A1002C56-C290-4662-8140-F4E11546B645}
		{8133CA06-7FE8-4028-A130-04AFCD7D3D4D} = {A1002C56-C290-4662-8140-F4E11546B645}
		{D2623085-8A72-41CD-8658-9D411C8867FC} = {80D2FF47-6999-4EA3-8F51-316E74D26ECE}
		{192F73CA-7F3D-46D8-AB14-C74B71FC5D80} = {80D2FF47-6999-4EA3-8F51-316E74D26ECE}
		{AAA49A79-6C46-4FBA-8A98-156C5FA11E0F} = {80D2FF47-6999-4EA3-8F51-316E74D26ECE}
		{12D52962-0EE8-4472-9B99-C62D2DD93C4C} = {5D7DD1F2-528D-463A-9E31-F58E509FFA46}
		{C42C5119-EED5-47C1-9110-0366DCA6F2B7} = {5D7DD1F2-528D-463A-9E31-F58E509FFA46}
		{89FBE3CC-54DF-41F3-870C-FDA8508D61F6} = {5D7DD1F2-528D-463A-9E31-F58E509FFA46}
	EndGlobalSection
	GlobalSection(ExtensibilityGlobals) = postSolution
		SolutionGuid = {84046CAD-56F6-4F78-BBA0-D9FF304A7D3F}
	EndGlobalSection
EndGlobal
